
Microsoft Visual Studio Solution File, Format Version 12.00
# Visual Studio 14
VisualStudioVersion = 14.0.24720.0
MinimumVisualStudioVersion = 10.0.40219.1
Project("{FAE04EC0-301F-11D3-BF4B-00C04F79EFBC}") = "Bluetooth.Plugin", "Bluetooth\Bluetooth.Plugin\Bluetooth.Plugin.csproj", "{31CCBDD1-DC47-4E0C-9745-F487F6204774}"
EndProject
Project("{FAE04EC0-301F-11D3-BF4B-00C04F79EFBC}") = "Bluetooth.Plugin.Abstractions", "Bluetooth\Bluetooth.Plugin.Abstractions\Bluetooth.Plugin.Abstractions.csproj", "{E1663930-0661-44D2-AEEC-8EC43734E637}"
EndProject
Project("{FAE04EC0-301F-11D3-BF4B-00C04F79EFBC}") = "Bluetooth.Plugin.UWP", "Bluetooth\Bluetooth.Plugin.UWP\Bluetooth.Plugin.UWP.csproj", "{3439071E-A478-4436-91E3-C4359A930145}"
EndProject
Project("{2150E333-8FDC-42A3-9474-1A3956D46DE8}") = "TestApps", "TestApps", "{9FCDA672-551A-405F-8E15-CC4731B7A33F}"
EndProject
Project("{FAE04EC0-301F-11D3-BF4B-00C04F79EFBC}") = "BluetoothTest.UWP", "TestApps\BluetoothTest.UWP\BluetoothTest.UWP.csproj", "{F7B45224-C232-4BA5-89F2-9F7819EE80C1}"
EndProject
Project("{FAE04EC0-301F-11D3-BF4B-00C04F79EFBC}") = "Bluetooth.Plugin.Android", "Bluetooth\Bluetooth.Plugin.Android\Bluetooth.Plugin.Android.csproj", "{03331637-9EBD-4112-A317-39E66D71052E}"
EndProject
Project("{FAE04EC0-301F-11D3-BF4B-00C04F79EFBC}") = "BluetoothTest.Android", "TestApps\BluetoothTest.Android\BluetoothTest.Android.csproj", "{45C15208-4889-49B9-B6FF-FECAFC0CD99A}"
EndProject
Global
	GlobalSection(SolutionConfigurationPlatforms) = preSolution
		Debug|Any CPU = Debug|Any CPU
		Debug|ARM = Debug|ARM
		Debug|x64 = Debug|x64
		Debug|x86 = Debug|x86
		Release|Any CPU = Release|Any CPU
		Release|ARM = Release|ARM
		Release|x64 = Release|x64
		Release|x86 = Release|x86
	EndGlobalSection
	GlobalSection(ProjectConfigurationPlatforms) = postSolution
		{31CCBDD1-DC47-4E0C-9745-F487F6204774}.Debug|Any CPU.ActiveCfg = Debug|Any CPU
		{31CCBDD1-DC47-4E0C-9745-F487F6204774}.Debug|Any CPU.Build.0 = Debug|Any CPU
		{31CCBDD1-DC47-4E0C-9745-F487F6204774}.Debug|ARM.ActiveCfg = Debug|Any CPU
		{31CCBDD1-DC47-4E0C-9745-F487F6204774}.Debug|ARM.Build.0 = Debug|Any CPU
		{31CCBDD1-DC47-4E0C-9745-F487F6204774}.Debug|x64.ActiveCfg = Debug|Any CPU
		{31CCBDD1-DC47-4E0C-9745-F487F6204774}.Debug|x64.Build.0 = Debug|Any CPU
		{31CCBDD1-DC47-4E0C-9745-F487F6204774}.Debug|x86.ActiveCfg = Debug|Any CPU
		{31CCBDD1-DC47-4E0C-9745-F487F6204774}.Debug|x86.Build.0 = Debug|Any CPU
		{31CCBDD1-DC47-4E0C-9745-F487F6204774}.Release|Any CPU.ActiveCfg = Release|Any CPU
		{31CCBDD1-DC47-4E0C-9745-F487F6204774}.Release|Any CPU.Build.0 = Release|Any CPU
		{31CCBDD1-DC47-4E0C-9745-F487F6204774}.Release|ARM.ActiveCfg = Release|Any CPU
		{31CCBDD1-DC47-4E0C-9745-F487F6204774}.Release|ARM.Build.0 = Release|Any CPU
		{31CCBDD1-DC47-4E0C-9745-F487F6204774}.Release|x64.ActiveCfg = Release|Any CPU
		{31CCBDD1-DC47-4E0C-9745-F487F6204774}.Release|x64.Build.0 = Release|Any CPU
		{31CCBDD1-DC47-4E0C-9745-F487F6204774}.Release|x86.ActiveCfg = Release|Any CPU
		{31CCBDD1-DC47-4E0C-9745-F487F6204774}.Release|x86.Build.0 = Release|Any CPU
		{E1663930-0661-44D2-AEEC-8EC43734E637}.Debug|Any CPU.ActiveCfg = Debug|Any CPU
		{E1663930-0661-44D2-AEEC-8EC43734E637}.Debug|Any CPU.Build.0 = Debug|Any CPU
		{E1663930-0661-44D2-AEEC-8EC43734E637}.Debug|ARM.ActiveCfg = Debug|Any CPU
		{E1663930-0661-44D2-AEEC-8EC43734E637}.Debug|ARM.Build.0 = Debug|Any CPU
		{E1663930-0661-44D2-AEEC-8EC43734E637}.Debug|x64.ActiveCfg = Debug|Any CPU
		{E1663930-0661-44D2-AEEC-8EC43734E637}.Debug|x64.Build.0 = Debug|Any CPU
		{E1663930-0661-44D2-AEEC-8EC43734E637}.Debug|x86.ActiveCfg = Debug|Any CPU
		{E1663930-0661-44D2-AEEC-8EC43734E637}.Debug|x86.Build.0 = Debug|Any CPU
		{E1663930-0661-44D2-AEEC-8EC43734E637}.Release|Any CPU.ActiveCfg = Release|Any CPU
		{E1663930-0661-44D2-AEEC-8EC43734E637}.Release|Any CPU.Build.0 = Release|Any CPU
		{E1663930-0661-44D2-AEEC-8EC43734E637}.Release|ARM.ActiveCfg = Release|Any CPU
		{E1663930-0661-44D2-AEEC-8EC43734E637}.Release|ARM.Build.0 = Release|Any CPU
		{E1663930-0661-44D2-AEEC-8EC43734E637}.Release|x64.ActiveCfg = Release|Any CPU
		{E1663930-0661-44D2-AEEC-8EC43734E637}.Release|x64.Build.0 = Release|Any CPU
		{E1663930-0661-44D2-AEEC-8EC43734E637}.Release|x86.ActiveCfg = Release|Any CPU
		{E1663930-0661-44D2-AEEC-8EC43734E637}.Release|x86.Build.0 = Release|Any CPU
		{3439071E-A478-4436-91E3-C4359A930145}.Debug|Any CPU.ActiveCfg = Debug|Any CPU
		{3439071E-A478-4436-91E3-C4359A930145}.Debug|Any CPU.Build.0 = Debug|Any CPU
		{3439071E-A478-4436-91E3-C4359A930145}.Debug|ARM.ActiveCfg = Debug|ARM
		{3439071E-A478-4436-91E3-C4359A930145}.Debug|ARM.Build.0 = Debug|ARM
		{3439071E-A478-4436-91E3-C4359A930145}.Debug|x64.ActiveCfg = Debug|x64
		{3439071E-A478-4436-91E3-C4359A930145}.Debug|x64.Build.0 = Debug|x64
		{3439071E-A478-4436-91E3-C4359A930145}.Debug|x86.ActiveCfg = Debug|x86
		{3439071E-A478-4436-91E3-C4359A930145}.Debug|x86.Build.0 = Debug|x86
		{3439071E-A478-4436-91E3-C4359A930145}.Release|Any CPU.ActiveCfg = Release|Any CPU
		{3439071E-A478-4436-91E3-C4359A930145}.Release|Any CPU.Build.0 = Release|Any CPU
		{3439071E-A478-4436-91E3-C4359A930145}.Release|ARM.ActiveCfg = Release|ARM
		{3439071E-A478-4436-91E3-C4359A930145}.Release|ARM.Build.0 = Release|ARM
		{3439071E-A478-4436-91E3-C4359A930145}.Release|x64.ActiveCfg = Release|x64
		{3439071E-A478-4436-91E3-C4359A930145}.Release|x64.Build.0 = Release|x64
		{3439071E-A478-4436-91E3-C4359A930145}.Release|x86.ActiveCfg = Release|x86
		{3439071E-A478-4436-91E3-C4359A930145}.Release|x86.Build.0 = Release|x86
		{F7B45224-C232-4BA5-89F2-9F7819EE80C1}.Debug|Any CPU.ActiveCfg = Debug|x86
		{F7B45224-C232-4BA5-89F2-9F7819EE80C1}.Debug|Any CPU.Build.0 = Debug|x86
		{F7B45224-C232-4BA5-89F2-9F7819EE80C1}.Debug|Any CPU.Deploy.0 = Debug|x86
		{F7B45224-C232-4BA5-89F2-9F7819EE80C1}.Debug|ARM.ActiveCfg = Debug|ARM
		{F7B45224-C232-4BA5-89F2-9F7819EE80C1}.Debug|ARM.Build.0 = Debug|ARM
		{F7B45224-C232-4BA5-89F2-9F7819EE80C1}.Debug|ARM.Deploy.0 = Debug|ARM
		{F7B45224-C232-4BA5-89F2-9F7819EE80C1}.Debug|x64.ActiveCfg = Debug|x64
		{F7B45224-C232-4BA5-89F2-9F7819EE80C1}.Debug|x64.Build.0 = Debug|x64
		{F7B45224-C232-4BA5-89F2-9F7819EE80C1}.Debug|x64.Deploy.0 = Debug|x64
		{F7B45224-C232-4BA5-89F2-9F7819EE80C1}.Debug|x86.ActiveCfg = Debug|x86
		{F7B45224-C232-4BA5-89F2-9F7819EE80C1}.Debug|x86.Build.0 = Debug|x86
		{F7B45224-C232-4BA5-89F2-9F7819EE80C1}.Debug|x86.Deploy.0 = Debug|x86
		{F7B45224-C232-4BA5-89F2-9F7819EE80C1}.Release|Any CPU.ActiveCfg = Release|x86
		{F7B45224-C232-4BA5-89F2-9F7819EE80C1}.Release|ARM.ActiveCfg = Release|ARM
		{F7B45224-C232-4BA5-89F2-9F7819EE80C1}.Release|ARM.Build.0 = Release|ARM
		{F7B45224-C232-4BA5-89F2-9F7819EE80C1}.Release|ARM.Deploy.0 = Release|ARM
		{F7B45224-C232-4BA5-89F2-9F7819EE80C1}.Release|x64.ActiveCfg = Release|x64
		{F7B45224-C232-4BA5-89F2-9F7819EE80C1}.Release|x64.Build.0 = Release|x64
		{F7B45224-C232-4BA5-89F2-9F7819EE80C1}.Release|x64.Deploy.0 = Release|x64
		{F7B45224-C232-4BA5-89F2-9F7819EE80C1}.Release|x86.ActiveCfg = Release|x86
		{F7B45224-C232-4BA5-89F2-9F7819EE80C1}.Release|x86.Build.0 = Release|x86
		{F7B45224-C232-4BA5-89F2-9F7819EE80C1}.Release|x86.Deploy.0 = Release|x86
		{03331637-9EBD-4112-A317-39E66D71052E}.Debug|Any CPU.ActiveCfg = Debug|Any CPU
		{03331637-9EBD-4112-A317-39E66D71052E}.Debug|Any CPU.Build.0 = Debug|Any CPU
		{03331637-9EBD-4112-A317-39E66D71052E}.Debug|ARM.ActiveCfg = Debug|Any CPU
		{03331637-9EBD-4112-A317-39E66D71052E}.Debug|ARM.Build.0 = Debug|Any CPU
		{03331637-9EBD-4112-A317-39E66D71052E}.Debug|x64.ActiveCfg = Debug|Any CPU
		{03331637-9EBD-4112-A317-39E66D71052E}.Debug|x64.Build.0 = Debug|Any CPU
		{03331637-9EBD-4112-A317-39E66D71052E}.Debug|x86.ActiveCfg = Debug|Any CPU
		{03331637-9EBD-4112-A317-39E66D71052E}.Debug|x86.Build.0 = Debug|Any CPU
		{03331637-9EBD-4112-A317-39E66D71052E}.Release|Any CPU.ActiveCfg = Release|Any CPU
		{03331637-9EBD-4112-A317-39E66D71052E}.Release|Any CPU.Build.0 = Release|Any CPU
		{03331637-9EBD-4112-A317-39E66D71052E}.Release|ARM.ActiveCfg = Release|Any CPU
		{03331637-9EBD-4112-A317-39E66D71052E}.Release|ARM.Build.0 = Release|Any CPU
		{03331637-9EBD-4112-A317-39E66D71052E}.Release|x64.ActiveCfg = Release|Any CPU
		{03331637-9EBD-4112-A317-39E66D71052E}.Release|x64.Build.0 = Release|Any CPU
		{03331637-9EBD-4112-A317-39E66D71052E}.Release|x86.ActiveCfg = Release|Any CPU
		{03331637-9EBD-4112-A317-39E66D71052E}.Release|x86.Build.0 = Release|Any CPU
		{45C15208-4889-49B9-B6FF-FECAFC0CD99A}.Debug|Any CPU.ActiveCfg = Debug|Any CPU
		{45C15208-4889-49B9-B6FF-FECAFC0CD99A}.Debug|Any CPU.Build.0 = Debug|Any CPU
		{45C15208-4889-49B9-B6FF-FECAFC0CD99A}.Debug|Any CPU.Deploy.0 = Debug|Any CPU
		{45C15208-4889-49B9-B6FF-FECAFC0CD99A}.Debug|ARM.ActiveCfg = Debug|Any CPU
		{45C15208-4889-49B9-B6FF-FECAFC0CD99A}.Debug|ARM.Build.0 = Debug|Any CPU
		{45C15208-4889-49B9-B6FF-FECAFC0CD99A}.Debug|ARM.Deploy.0 = Debug|Any CPU
		{45C15208-4889-49B9-B6FF-FECAFC0CD99A}.Debug|x64.ActiveCfg = Debug|Any CPU
		{45C15208-4889-49B9-B6FF-FECAFC0CD99A}.Debug|x64.Build.0 = Debug|Any CPU
		{45C15208-4889-49B9-B6FF-FECAFC0CD99A}.Debug|x64.Deploy.0 = Debug|Any CPU
		{45C15208-4889-49B9-B6FF-FECAFC0CD99A}.Debug|x86.ActiveCfg = Debug|Any CPU
		{45C15208-4889-49B9-B6FF-FECAFC0CD99A}.Debug|x86.Build.0 = Debug|Any CPU
		{45C15208-4889-49B9-B6FF-FECAFC0CD99A}.Debug|x86.Deploy.0 = Debug|Any CPU
		{45C15208-4889-49B9-B6FF-FECAFC0CD99A}.Release|Any CPU.ActiveCfg = Release|Any CPU
		{45C15208-4889-49B9-B6FF-FECAFC0CD99A}.Release|Any CPU.Build.0 = Release|Any CPU
		{45C15208-4889-49B9-B6FF-FECAFC0CD99A}.Release|Any CPU.Deploy.0 = Release|Any CPU
		{45C15208-4889-49B9-B6FF-FECAFC0CD99A}.Release|ARM.ActiveCfg = Release|Any CPU
		{45C15208-4889-49B9-B6FF-FECAFC0CD99A}.Release|ARM.Build.0 = Release|Any CPU
		{45C15208-4889-49B9-B6FF-FECAFC0CD99A}.Release|ARM.Deploy.0 = Release|Any CPU
		{45C15208-4889-49B9-B6FF-FECAFC0CD99A}.Release|x64.ActiveCfg = Release|Any CPU
		{45C15208-4889-49B9-B6FF-FECAFC0CD99A}.Release|x64.Build.0 = Release|Any CPU
		{45C15208-4889-49B9-B6FF-FECAFC0CD99A}.Release|x64.Deploy.0 = Release|Any CPU
		{45C15208-4889-49B9-B6FF-FECAFC0CD99A}.Release|x86.ActiveCfg = Release|Any CPU
		{45C15208-4889-49B9-B6FF-FECAFC0CD99A}.Release|x86.Build.0 = Release|Any CPU
		{45C15208-4889-49B9-B6FF-FECAFC0CD99A}.Release|x86.Deploy.0 = Release|Any CPU
	EndGlobalSection
	GlobalSection(SolutionProperties) = preSolution
		HideSolutionNode = FALSE
	EndGlobalSection
	GlobalSection(NestedProjects) = preSolution
		{F7B45224-C232-4BA5-89F2-9F7819EE80C1} = {9FCDA672-551A-405F-8E15-CC4731B7A33F}
		{45C15208-4889-49B9-B6FF-FECAFC0CD99A} = {9FCDA672-551A-405F-8E15-CC4731B7A33F}
	EndGlobalSection
EndGlobal
