
Microsoft Visual Studio Solution File, Format Version 12.00
# Visual Studio 14
VisualStudioVersion = 14.0.24720.0
MinimumVisualStudioVersion = 10.0.40219.1
Project("{FAE04EC0-301F-11D3-BF4B-00C04F79EFBC}") = "Bluetooth.Plugin", "Bluetooth\Bluetooth.Plugin\Bluetooth.Plugin.csproj", "{31CCBDD1-DC47-4E0C-9745-F487F6204774}"
EndProject
Project("{FAE04EC0-301F-11D3-BF4B-00C04F79EFBC}") = "Bluetooth.Plugin.Abstractions", "Bluetooth\Bluetooth.Plugin.Abstractions\Bluetooth.Plugin.Abstractions.csproj", "{E1663930-0661-44D2-AEEC-8EC43734E637}"
EndProject
Project("{FAE04EC0-301F-11D3-BF4B-00C04F79EFBC}") = "Bluetooth.Plugin.UWP", "Bluetooth\Bluetooth.Plugin.UWP\Bluetooth.Plugin.UWP.csproj", "{3439071E-A478-4436-91E3-C4359A930145}"
EndProject
Project("{2150E333-8FDC-42A3-9474-1A3956D46DE8}") = "TestApps", "TestApps", "{9FCDA672-551A-405F-8E15-CC4731B7A33F}"
EndProject
Project("{FAE04EC0-301F-11D3-BF4B-00C04F79EFBC}") = "BluetoothTest.UWP", "TestApps\BluetoothTest.UWP\BluetoothTest.UWP.csproj", "{F7B45224-C232-4BA5-89F2-9F7819EE80C1}"
EndProject
Project("{FAE04EC0-301F-11D3-BF4B-00C04F79EFBC}") = "Bluetooth.Plugin.Android", "Bluetooth\Bluetooth.Plugin.Android\Bluetooth.Plugin.Android.csproj", "{03331637-9EBD-4112-A317-39E66D71052E}"
EndProject
Project("{FAE04EC0-301F-11D3-BF4B-00C04F79EFBC}") = "BluetoothTest.Android", "TestApps\BluetoothTest.Android\BluetoothTest.Android.csproj", "{45C15208-4889-49B9-B6FF-FECAFC0CD99A}"
EndProject
Project("{FAE04EC0-301F-11D3-BF4B-00C04F79EFBC}") = "Bluetooth.Plugin.WindowsPhone81", "Bluetooth\Bluetooth.Plugin.WindowsPhone81\Bluetooth.Plugin.WindowsPhone81.csproj", "{9EAC08F8-F295-42D1-8785-0242AA4DF9EC}"
EndProject
Project("{FAE04EC0-301F-11D3-BF4B-00C04F79EFBC}") = "BluetoothTestWindowsPhone81", "TestApps\BluetoothTestWindowsPhone81\BluetoothTestWindowsPhone81.csproj", "{B16BED36-A9DF-4647-8D7D-AF7FAE3AF6AC}"
EndProject
Project("{2150E333-8FDC-42A3-9474-1A3956D46DE8}") = "Solution Items", "Solution Items", "{8F34F043-0723-4F19-B458-6C6E2FE155C7}"
	ProjectSection(SolutionItems) = preProject
		Bluetooth.Plugin.nuspec = Bluetooth.Plugin.nuspec
	EndProjectSection
EndProject
Global
	GlobalSection(SolutionConfigurationPlatforms) = preSolution
		Ad-Hoc|Any CPU = Ad-Hoc|Any CPU
		Ad-Hoc|ARM = Ad-Hoc|ARM
		Ad-Hoc|iPhone = Ad-Hoc|iPhone
		Ad-Hoc|iPhoneSimulator = Ad-Hoc|iPhoneSimulator
		Ad-Hoc|x64 = Ad-Hoc|x64
		Ad-Hoc|x86 = Ad-Hoc|x86
		AppStore|Any CPU = AppStore|Any CPU
		AppStore|ARM = AppStore|ARM
		AppStore|iPhone = AppStore|iPhone
		AppStore|iPhoneSimulator = AppStore|iPhoneSimulator
		AppStore|x64 = AppStore|x64
		AppStore|x86 = AppStore|x86
		Debug|Any CPU = Debug|Any CPU
		Debug|ARM = Debug|ARM
		Debug|iPhone = Debug|iPhone
		Debug|iPhoneSimulator = Debug|iPhoneSimulator
		Debug|x64 = Debug|x64
		Debug|x86 = Debug|x86
		Release|Any CPU = Release|Any CPU
		Release|ARM = Release|ARM
		Release|iPhone = Release|iPhone
		Release|iPhoneSimulator = Release|iPhoneSimulator
		Release|x64 = Release|x64
		Release|x86 = Release|x86
	EndGlobalSection
	GlobalSection(ProjectConfigurationPlatforms) = postSolution
		{31CCBDD1-DC47-4E0C-9745-F487F6204774}.Ad-Hoc|Any CPU.ActiveCfg = Release|Any CPU
		{31CCBDD1-DC47-4E0C-9745-F487F6204774}.Ad-Hoc|Any CPU.Build.0 = Release|Any CPU
		{31CCBDD1-DC47-4E0C-9745-F487F6204774}.Ad-Hoc|ARM.ActiveCfg = Release|Any CPU
		{31CCBDD1-DC47-4E0C-9745-F487F6204774}.Ad-Hoc|ARM.Build.0 = Release|Any CPU
		{31CCBDD1-DC47-4E0C-9745-F487F6204774}.Ad-Hoc|iPhone.ActiveCfg = Release|Any CPU
		{31CCBDD1-DC47-4E0C-9745-F487F6204774}.Ad-Hoc|iPhone.Build.0 = Release|Any CPU
		{31CCBDD1-DC47-4E0C-9745-F487F6204774}.Ad-Hoc|iPhoneSimulator.ActiveCfg = Release|Any CPU
		{31CCBDD1-DC47-4E0C-9745-F487F6204774}.Ad-Hoc|iPhoneSimulator.Build.0 = Release|Any CPU
		{31CCBDD1-DC47-4E0C-9745-F487F6204774}.Ad-Hoc|x64.ActiveCfg = Release|Any CPU
		{31CCBDD1-DC47-4E0C-9745-F487F6204774}.Ad-Hoc|x64.Build.0 = Release|Any CPU
		{31CCBDD1-DC47-4E0C-9745-F487F6204774}.Ad-Hoc|x86.ActiveCfg = Release|Any CPU
		{31CCBDD1-DC47-4E0C-9745-F487F6204774}.Ad-Hoc|x86.Build.0 = Release|Any CPU
		{31CCBDD1-DC47-4E0C-9745-F487F6204774}.AppStore|Any CPU.ActiveCfg = Release|Any CPU
		{31CCBDD1-DC47-4E0C-9745-F487F6204774}.AppStore|Any CPU.Build.0 = Release|Any CPU
		{31CCBDD1-DC47-4E0C-9745-F487F6204774}.AppStore|ARM.ActiveCfg = Release|Any CPU
		{31CCBDD1-DC47-4E0C-9745-F487F6204774}.AppStore|ARM.Build.0 = Release|Any CPU
		{31CCBDD1-DC47-4E0C-9745-F487F6204774}.AppStore|iPhone.ActiveCfg = Release|Any CPU
		{31CCBDD1-DC47-4E0C-9745-F487F6204774}.AppStore|iPhone.Build.0 = Release|Any CPU
		{31CCBDD1-DC47-4E0C-9745-F487F6204774}.AppStore|iPhoneSimulator.ActiveCfg = Release|Any CPU
		{31CCBDD1-DC47-4E0C-9745-F487F6204774}.AppStore|iPhoneSimulator.Build.0 = Release|Any CPU
		{31CCBDD1-DC47-4E0C-9745-F487F6204774}.AppStore|x64.ActiveCfg = Release|Any CPU
		{31CCBDD1-DC47-4E0C-9745-F487F6204774}.AppStore|x64.Build.0 = Release|Any CPU
		{31CCBDD1-DC47-4E0C-9745-F487F6204774}.AppStore|x86.ActiveCfg = Release|Any CPU
		{31CCBDD1-DC47-4E0C-9745-F487F6204774}.AppStore|x86.Build.0 = Release|Any CPU
		{31CCBDD1-DC47-4E0C-9745-F487F6204774}.Debug|Any CPU.ActiveCfg = Debug|Any CPU
		{31CCBDD1-DC47-4E0C-9745-F487F6204774}.Debug|Any CPU.Build.0 = Debug|Any CPU
		{31CCBDD1-DC47-4E0C-9745-F487F6204774}.Debug|ARM.ActiveCfg = Debug|Any CPU
		{31CCBDD1-DC47-4E0C-9745-F487F6204774}.Debug|ARM.Build.0 = Debug|Any CPU
		{31CCBDD1-DC47-4E0C-9745-F487F6204774}.Debug|iPhone.ActiveCfg = Debug|Any CPU
		{31CCBDD1-DC47-4E0C-9745-F487F6204774}.Debug|iPhone.Build.0 = Debug|Any CPU
		{31CCBDD1-DC47-4E0C-9745-F487F6204774}.Debug|iPhoneSimulator.ActiveCfg = Debug|Any CPU
		{31CCBDD1-DC47-4E0C-9745-F487F6204774}.Debug|iPhoneSimulator.Build.0 = Debug|Any CPU
		{31CCBDD1-DC47-4E0C-9745-F487F6204774}.Debug|x64.ActiveCfg = Debug|Any CPU
		{31CCBDD1-DC47-4E0C-9745-F487F6204774}.Debug|x64.Build.0 = Debug|Any CPU
		{31CCBDD1-DC47-4E0C-9745-F487F6204774}.Debug|x86.ActiveCfg = Debug|Any CPU
		{31CCBDD1-DC47-4E0C-9745-F487F6204774}.Debug|x86.Build.0 = Debug|Any CPU
		{31CCBDD1-DC47-4E0C-9745-F487F6204774}.Release|Any CPU.ActiveCfg = Release|Any CPU
		{31CCBDD1-DC47-4E0C-9745-F487F6204774}.Release|Any CPU.Build.0 = Release|Any CPU
		{31CCBDD1-DC47-4E0C-9745-F487F6204774}.Release|ARM.ActiveCfg = Release|Any CPU
		{31CCBDD1-DC47-4E0C-9745-F487F6204774}.Release|ARM.Build.0 = Release|Any CPU
		{31CCBDD1-DC47-4E0C-9745-F487F6204774}.Release|iPhone.ActiveCfg = Release|Any CPU
		{31CCBDD1-DC47-4E0C-9745-F487F6204774}.Release|iPhone.Build.0 = Release|Any CPU
		{31CCBDD1-DC47-4E0C-9745-F487F6204774}.Release|iPhoneSimulator.ActiveCfg = Release|Any CPU
		{31CCBDD1-DC47-4E0C-9745-F487F6204774}.Release|iPhoneSimulator.Build.0 = Release|Any CPU
		{31CCBDD1-DC47-4E0C-9745-F487F6204774}.Release|x64.ActiveCfg = Release|Any CPU
		{31CCBDD1-DC47-4E0C-9745-F487F6204774}.Release|x64.Build.0 = Release|Any CPU
		{31CCBDD1-DC47-4E0C-9745-F487F6204774}.Release|x86.ActiveCfg = Release|Any CPU
		{31CCBDD1-DC47-4E0C-9745-F487F6204774}.Release|x86.Build.0 = Release|Any CPU
		{E1663930-0661-44D2-AEEC-8EC43734E637}.Ad-Hoc|Any CPU.ActiveCfg = Release|Any CPU
		{E1663930-0661-44D2-AEEC-8EC43734E637}.Ad-Hoc|Any CPU.Build.0 = Release|Any CPU
		{E1663930-0661-44D2-AEEC-8EC43734E637}.Ad-Hoc|ARM.ActiveCfg = Release|Any CPU
		{E1663930-0661-44D2-AEEC-8EC43734E637}.Ad-Hoc|ARM.Build.0 = Release|Any CPU
		{E1663930-0661-44D2-AEEC-8EC43734E637}.Ad-Hoc|iPhone.ActiveCfg = Release|Any CPU
		{E1663930-0661-44D2-AEEC-8EC43734E637}.Ad-Hoc|iPhone.Build.0 = Release|Any CPU
		{E1663930-0661-44D2-AEEC-8EC43734E637}.Ad-Hoc|iPhoneSimulator.ActiveCfg = Release|Any CPU
		{E1663930-0661-44D2-AEEC-8EC43734E637}.Ad-Hoc|iPhoneSimulator.Build.0 = Release|Any CPU
		{E1663930-0661-44D2-AEEC-8EC43734E637}.Ad-Hoc|x64.ActiveCfg = Release|Any CPU
		{E1663930-0661-44D2-AEEC-8EC43734E637}.Ad-Hoc|x64.Build.0 = Release|Any CPU
		{E1663930-0661-44D2-AEEC-8EC43734E637}.Ad-Hoc|x86.ActiveCfg = Release|Any CPU
		{E1663930-0661-44D2-AEEC-8EC43734E637}.Ad-Hoc|x86.Build.0 = Release|Any CPU
		{E1663930-0661-44D2-AEEC-8EC43734E637}.AppStore|Any CPU.ActiveCfg = Release|Any CPU
		{E1663930-0661-44D2-AEEC-8EC43734E637}.AppStore|Any CPU.Build.0 = Release|Any CPU
		{E1663930-0661-44D2-AEEC-8EC43734E637}.AppStore|ARM.ActiveCfg = Release|Any CPU
		{E1663930-0661-44D2-AEEC-8EC43734E637}.AppStore|ARM.Build.0 = Release|Any CPU
		{E1663930-0661-44D2-AEEC-8EC43734E637}.AppStore|iPhone.ActiveCfg = Release|Any CPU
		{E1663930-0661-44D2-AEEC-8EC43734E637}.AppStore|iPhone.Build.0 = Release|Any CPU
		{E1663930-0661-44D2-AEEC-8EC43734E637}.AppStore|iPhoneSimulator.ActiveCfg = Release|Any CPU
		{E1663930-0661-44D2-AEEC-8EC43734E637}.AppStore|iPhoneSimulator.Build.0 = Release|Any CPU
		{E1663930-0661-44D2-AEEC-8EC43734E637}.AppStore|x64.ActiveCfg = Release|Any CPU
		{E1663930-0661-44D2-AEEC-8EC43734E637}.AppStore|x64.Build.0 = Release|Any CPU
		{E1663930-0661-44D2-AEEC-8EC43734E637}.AppStore|x86.ActiveCfg = Release|Any CPU
		{E1663930-0661-44D2-AEEC-8EC43734E637}.AppStore|x86.Build.0 = Release|Any CPU
		{E1663930-0661-44D2-AEEC-8EC43734E637}.Debug|Any CPU.ActiveCfg = Debug|Any CPU
		{E1663930-0661-44D2-AEEC-8EC43734E637}.Debug|Any CPU.Build.0 = Debug|Any CPU
		{E1663930-0661-44D2-AEEC-8EC43734E637}.Debug|ARM.ActiveCfg = Debug|Any CPU
		{E1663930-0661-44D2-AEEC-8EC43734E637}.Debug|ARM.Build.0 = Debug|Any CPU
		{E1663930-0661-44D2-AEEC-8EC43734E637}.Debug|iPhone.ActiveCfg = Debug|Any CPU
		{E1663930-0661-44D2-AEEC-8EC43734E637}.Debug|iPhone.Build.0 = Debug|Any CPU
		{E1663930-0661-44D2-AEEC-8EC43734E637}.Debug|iPhoneSimulator.ActiveCfg = Debug|Any CPU
		{E1663930-0661-44D2-AEEC-8EC43734E637}.Debug|iPhoneSimulator.Build.0 = Debug|Any CPU
		{E1663930-0661-44D2-AEEC-8EC43734E637}.Debug|x64.ActiveCfg = Debug|Any CPU
		{E1663930-0661-44D2-AEEC-8EC43734E637}.Debug|x64.Build.0 = Debug|Any CPU
		{E1663930-0661-44D2-AEEC-8EC43734E637}.Debug|x86.ActiveCfg = Debug|Any CPU
		{E1663930-0661-44D2-AEEC-8EC43734E637}.Debug|x86.Build.0 = Debug|Any CPU
		{E1663930-0661-44D2-AEEC-8EC43734E637}.Release|Any CPU.ActiveCfg = Release|Any CPU
		{E1663930-0661-44D2-AEEC-8EC43734E637}.Release|Any CPU.Build.0 = Release|Any CPU
		{E1663930-0661-44D2-AEEC-8EC43734E637}.Release|ARM.ActiveCfg = Release|Any CPU
		{E1663930-0661-44D2-AEEC-8EC43734E637}.Release|ARM.Build.0 = Release|Any CPU
		{E1663930-0661-44D2-AEEC-8EC43734E637}.Release|iPhone.ActiveCfg = Release|Any CPU
		{E1663930-0661-44D2-AEEC-8EC43734E637}.Release|iPhone.Build.0 = Release|Any CPU
		{E1663930-0661-44D2-AEEC-8EC43734E637}.Release|iPhoneSimulator.ActiveCfg = Release|Any CPU
		{E1663930-0661-44D2-AEEC-8EC43734E637}.Release|iPhoneSimulator.Build.0 = Release|Any CPU
		{E1663930-0661-44D2-AEEC-8EC43734E637}.Release|x64.ActiveCfg = Release|Any CPU
		{E1663930-0661-44D2-AEEC-8EC43734E637}.Release|x64.Build.0 = Release|Any CPU
		{E1663930-0661-44D2-AEEC-8EC43734E637}.Release|x86.ActiveCfg = Release|Any CPU
		{E1663930-0661-44D2-AEEC-8EC43734E637}.Release|x86.Build.0 = Release|Any CPU
		{3439071E-A478-4436-91E3-C4359A930145}.Ad-Hoc|Any CPU.ActiveCfg = Release|Any CPU
		{3439071E-A478-4436-91E3-C4359A930145}.Ad-Hoc|Any CPU.Build.0 = Release|Any CPU
		{3439071E-A478-4436-91E3-C4359A930145}.Ad-Hoc|ARM.ActiveCfg = Release|ARM
		{3439071E-A478-4436-91E3-C4359A930145}.Ad-Hoc|ARM.Build.0 = Release|ARM
		{3439071E-A478-4436-91E3-C4359A930145}.Ad-Hoc|iPhone.ActiveCfg = Release|Any CPU
		{3439071E-A478-4436-91E3-C4359A930145}.Ad-Hoc|iPhone.Build.0 = Release|Any CPU
		{3439071E-A478-4436-91E3-C4359A930145}.Ad-Hoc|iPhoneSimulator.ActiveCfg = Release|Any CPU
		{3439071E-A478-4436-91E3-C4359A930145}.Ad-Hoc|iPhoneSimulator.Build.0 = Release|Any CPU
		{3439071E-A478-4436-91E3-C4359A930145}.Ad-Hoc|x64.ActiveCfg = Release|x64
		{3439071E-A478-4436-91E3-C4359A930145}.Ad-Hoc|x64.Build.0 = Release|x64
		{3439071E-A478-4436-91E3-C4359A930145}.Ad-Hoc|x86.ActiveCfg = Release|x86
		{3439071E-A478-4436-91E3-C4359A930145}.Ad-Hoc|x86.Build.0 = Release|x86
		{3439071E-A478-4436-91E3-C4359A930145}.AppStore|Any CPU.ActiveCfg = Release|Any CPU
		{3439071E-A478-4436-91E3-C4359A930145}.AppStore|Any CPU.Build.0 = Release|Any CPU
		{3439071E-A478-4436-91E3-C4359A930145}.AppStore|ARM.ActiveCfg = Release|ARM
		{3439071E-A478-4436-91E3-C4359A930145}.AppStore|ARM.Build.0 = Release|ARM
		{3439071E-A478-4436-91E3-C4359A930145}.AppStore|iPhone.ActiveCfg = Release|Any CPU
		{3439071E-A478-4436-91E3-C4359A930145}.AppStore|iPhone.Build.0 = Release|Any CPU
		{3439071E-A478-4436-91E3-C4359A930145}.AppStore|iPhoneSimulator.ActiveCfg = Release|Any CPU
		{3439071E-A478-4436-91E3-C4359A930145}.AppStore|iPhoneSimulator.Build.0 = Release|Any CPU
		{3439071E-A478-4436-91E3-C4359A930145}.AppStore|x64.ActiveCfg = Release|x64
		{3439071E-A478-4436-91E3-C4359A930145}.AppStore|x64.Build.0 = Release|x64
		{3439071E-A478-4436-91E3-C4359A930145}.AppStore|x86.ActiveCfg = Release|x86
		{3439071E-A478-4436-91E3-C4359A930145}.AppStore|x86.Build.0 = Release|x86
		{3439071E-A478-4436-91E3-C4359A930145}.Debug|Any CPU.ActiveCfg = Debug|Any CPU
		{3439071E-A478-4436-91E3-C4359A930145}.Debug|Any CPU.Build.0 = Debug|Any CPU
		{3439071E-A478-4436-91E3-C4359A930145}.Debug|ARM.ActiveCfg = Debug|ARM
		{3439071E-A478-4436-91E3-C4359A930145}.Debug|ARM.Build.0 = Debug|ARM
		{3439071E-A478-4436-91E3-C4359A930145}.Debug|iPhone.ActiveCfg = Debug|Any CPU
		{3439071E-A478-4436-91E3-C4359A930145}.Debug|iPhone.Build.0 = Debug|Any CPU
		{3439071E-A478-4436-91E3-C4359A930145}.Debug|iPhoneSimulator.ActiveCfg = Debug|Any CPU
		{3439071E-A478-4436-91E3-C4359A930145}.Debug|iPhoneSimulator.Build.0 = Debug|Any CPU
		{3439071E-A478-4436-91E3-C4359A930145}.Debug|x64.ActiveCfg = Debug|x64
		{3439071E-A478-4436-91E3-C4359A930145}.Debug|x64.Build.0 = Debug|x64
		{3439071E-A478-4436-91E3-C4359A930145}.Debug|x86.ActiveCfg = Debug|x86
		{3439071E-A478-4436-91E3-C4359A930145}.Debug|x86.Build.0 = Debug|x86
		{3439071E-A478-4436-91E3-C4359A930145}.Release|Any CPU.ActiveCfg = Release|Any CPU
		{3439071E-A478-4436-91E3-C4359A930145}.Release|Any CPU.Build.0 = Release|Any CPU
		{3439071E-A478-4436-91E3-C4359A930145}.Release|ARM.ActiveCfg = Release|ARM
		{3439071E-A478-4436-91E3-C4359A930145}.Release|ARM.Build.0 = Release|ARM
		{3439071E-A478-4436-91E3-C4359A930145}.Release|iPhone.ActiveCfg = Release|Any CPU
		{3439071E-A478-4436-91E3-C4359A930145}.Release|iPhone.Build.0 = Release|Any CPU
		{3439071E-A478-4436-91E3-C4359A930145}.Release|iPhoneSimulator.ActiveCfg = Release|Any CPU
		{3439071E-A478-4436-91E3-C4359A930145}.Release|iPhoneSimulator.Build.0 = Release|Any CPU
		{3439071E-A478-4436-91E3-C4359A930145}.Release|x64.ActiveCfg = Release|x64
		{3439071E-A478-4436-91E3-C4359A930145}.Release|x64.Build.0 = Release|x64
		{3439071E-A478-4436-91E3-C4359A930145}.Release|x86.ActiveCfg = Release|x86
		{3439071E-A478-4436-91E3-C4359A930145}.Release|x86.Build.0 = Release|x86
		{F7B45224-C232-4BA5-89F2-9F7819EE80C1}.Ad-Hoc|Any CPU.ActiveCfg = Release|x64
		{F7B45224-C232-4BA5-89F2-9F7819EE80C1}.Ad-Hoc|Any CPU.Build.0 = Release|x64
		{F7B45224-C232-4BA5-89F2-9F7819EE80C1}.Ad-Hoc|Any CPU.Deploy.0 = Release|x64
		{F7B45224-C232-4BA5-89F2-9F7819EE80C1}.Ad-Hoc|ARM.ActiveCfg = Release|ARM
		{F7B45224-C232-4BA5-89F2-9F7819EE80C1}.Ad-Hoc|ARM.Build.0 = Release|ARM
		{F7B45224-C232-4BA5-89F2-9F7819EE80C1}.Ad-Hoc|ARM.Deploy.0 = Release|ARM
		{F7B45224-C232-4BA5-89F2-9F7819EE80C1}.Ad-Hoc|iPhone.ActiveCfg = Release|x64
		{F7B45224-C232-4BA5-89F2-9F7819EE80C1}.Ad-Hoc|iPhone.Build.0 = Release|x64
		{F7B45224-C232-4BA5-89F2-9F7819EE80C1}.Ad-Hoc|iPhone.Deploy.0 = Release|x64
		{F7B45224-C232-4BA5-89F2-9F7819EE80C1}.Ad-Hoc|iPhoneSimulator.ActiveCfg = Release|x64
		{F7B45224-C232-4BA5-89F2-9F7819EE80C1}.Ad-Hoc|iPhoneSimulator.Build.0 = Release|x64
		{F7B45224-C232-4BA5-89F2-9F7819EE80C1}.Ad-Hoc|iPhoneSimulator.Deploy.0 = Release|x64
		{F7B45224-C232-4BA5-89F2-9F7819EE80C1}.Ad-Hoc|x64.ActiveCfg = Release|x64
		{F7B45224-C232-4BA5-89F2-9F7819EE80C1}.Ad-Hoc|x64.Build.0 = Release|x64
		{F7B45224-C232-4BA5-89F2-9F7819EE80C1}.Ad-Hoc|x64.Deploy.0 = Release|x64
		{F7B45224-C232-4BA5-89F2-9F7819EE80C1}.Ad-Hoc|x86.ActiveCfg = Release|x86
		{F7B45224-C232-4BA5-89F2-9F7819EE80C1}.Ad-Hoc|x86.Build.0 = Release|x86
		{F7B45224-C232-4BA5-89F2-9F7819EE80C1}.Ad-Hoc|x86.Deploy.0 = Release|x86
		{F7B45224-C232-4BA5-89F2-9F7819EE80C1}.AppStore|Any CPU.ActiveCfg = Release|x64
		{F7B45224-C232-4BA5-89F2-9F7819EE80C1}.AppStore|Any CPU.Build.0 = Release|x64
		{F7B45224-C232-4BA5-89F2-9F7819EE80C1}.AppStore|Any CPU.Deploy.0 = Release|x64
		{F7B45224-C232-4BA5-89F2-9F7819EE80C1}.AppStore|ARM.ActiveCfg = Release|ARM
		{F7B45224-C232-4BA5-89F2-9F7819EE80C1}.AppStore|ARM.Build.0 = Release|ARM
		{F7B45224-C232-4BA5-89F2-9F7819EE80C1}.AppStore|ARM.Deploy.0 = Release|ARM
		{F7B45224-C232-4BA5-89F2-9F7819EE80C1}.AppStore|iPhone.ActiveCfg = Release|x64
		{F7B45224-C232-4BA5-89F2-9F7819EE80C1}.AppStore|iPhone.Build.0 = Release|x64
		{F7B45224-C232-4BA5-89F2-9F7819EE80C1}.AppStore|iPhone.Deploy.0 = Release|x64
		{F7B45224-C232-4BA5-89F2-9F7819EE80C1}.AppStore|iPhoneSimulator.ActiveCfg = Release|x64
		{F7B45224-C232-4BA5-89F2-9F7819EE80C1}.AppStore|iPhoneSimulator.Build.0 = Release|x64
		{F7B45224-C232-4BA5-89F2-9F7819EE80C1}.AppStore|iPhoneSimulator.Deploy.0 = Release|x64
		{F7B45224-C232-4BA5-89F2-9F7819EE80C1}.AppStore|x64.ActiveCfg = Release|x64
		{F7B45224-C232-4BA5-89F2-9F7819EE80C1}.AppStore|x64.Build.0 = Release|x64
		{F7B45224-C232-4BA5-89F2-9F7819EE80C1}.AppStore|x64.Deploy.0 = Release|x64
		{F7B45224-C232-4BA5-89F2-9F7819EE80C1}.AppStore|x86.ActiveCfg = Release|x86
		{F7B45224-C232-4BA5-89F2-9F7819EE80C1}.AppStore|x86.Build.0 = Release|x86
		{F7B45224-C232-4BA5-89F2-9F7819EE80C1}.AppStore|x86.Deploy.0 = Release|x86
		{F7B45224-C232-4BA5-89F2-9F7819EE80C1}.Debug|Any CPU.ActiveCfg = Debug|x86
		{F7B45224-C232-4BA5-89F2-9F7819EE80C1}.Debug|Any CPU.Build.0 = Debug|x86
		{F7B45224-C232-4BA5-89F2-9F7819EE80C1}.Debug|Any CPU.Deploy.0 = Debug|x86
		{F7B45224-C232-4BA5-89F2-9F7819EE80C1}.Debug|ARM.ActiveCfg = Debug|ARM
		{F7B45224-C232-4BA5-89F2-9F7819EE80C1}.Debug|ARM.Build.0 = Debug|ARM
		{F7B45224-C232-4BA5-89F2-9F7819EE80C1}.Debug|ARM.Deploy.0 = Debug|ARM
		{F7B45224-C232-4BA5-89F2-9F7819EE80C1}.Debug|iPhone.ActiveCfg = Debug|x86
		{F7B45224-C232-4BA5-89F2-9F7819EE80C1}.Debug|iPhoneSimulator.ActiveCfg = Debug|x86
		{F7B45224-C232-4BA5-89F2-9F7819EE80C1}.Debug|x64.ActiveCfg = Debug|x64
		{F7B45224-C232-4BA5-89F2-9F7819EE80C1}.Debug|x64.Build.0 = Debug|x64
		{F7B45224-C232-4BA5-89F2-9F7819EE80C1}.Debug|x64.Deploy.0 = Debug|x64
		{F7B45224-C232-4BA5-89F2-9F7819EE80C1}.Debug|x86.ActiveCfg = Debug|x86
		{F7B45224-C232-4BA5-89F2-9F7819EE80C1}.Debug|x86.Build.0 = Debug|x86
		{F7B45224-C232-4BA5-89F2-9F7819EE80C1}.Debug|x86.Deploy.0 = Debug|x86
		{F7B45224-C232-4BA5-89F2-9F7819EE80C1}.Release|Any CPU.ActiveCfg = Release|x86
		{F7B45224-C232-4BA5-89F2-9F7819EE80C1}.Release|Any CPU.Build.0 = Release|x86
		{F7B45224-C232-4BA5-89F2-9F7819EE80C1}.Release|Any CPU.Deploy.0 = Release|x86
		{F7B45224-C232-4BA5-89F2-9F7819EE80C1}.Release|ARM.ActiveCfg = Release|ARM
		{F7B45224-C232-4BA5-89F2-9F7819EE80C1}.Release|ARM.Build.0 = Release|ARM
		{F7B45224-C232-4BA5-89F2-9F7819EE80C1}.Release|ARM.Deploy.0 = Release|ARM
		{F7B45224-C232-4BA5-89F2-9F7819EE80C1}.Release|iPhone.ActiveCfg = Release|x86
		{F7B45224-C232-4BA5-89F2-9F7819EE80C1}.Release|iPhoneSimulator.ActiveCfg = Release|x86
		{F7B45224-C232-4BA5-89F2-9F7819EE80C1}.Release|x64.ActiveCfg = Release|x64
		{F7B45224-C232-4BA5-89F2-9F7819EE80C1}.Release|x64.Build.0 = Release|x64
		{F7B45224-C232-4BA5-89F2-9F7819EE80C1}.Release|x64.Deploy.0 = Release|x64
		{F7B45224-C232-4BA5-89F2-9F7819EE80C1}.Release|x86.ActiveCfg = Release|x86
		{F7B45224-C232-4BA5-89F2-9F7819EE80C1}.Release|x86.Build.0 = Release|x86
		{F7B45224-C232-4BA5-89F2-9F7819EE80C1}.Release|x86.Deploy.0 = Release|x86
		{03331637-9EBD-4112-A317-39E66D71052E}.Ad-Hoc|Any CPU.ActiveCfg = Release|Any CPU
		{03331637-9EBD-4112-A317-39E66D71052E}.Ad-Hoc|Any CPU.Build.0 = Release|Any CPU
		{03331637-9EBD-4112-A317-39E66D71052E}.Ad-Hoc|ARM.ActiveCfg = Release|Any CPU
		{03331637-9EBD-4112-A317-39E66D71052E}.Ad-Hoc|ARM.Build.0 = Release|Any CPU
		{03331637-9EBD-4112-A317-39E66D71052E}.Ad-Hoc|iPhone.ActiveCfg = Release|Any CPU
		{03331637-9EBD-4112-A317-39E66D71052E}.Ad-Hoc|iPhone.Build.0 = Release|Any CPU
		{03331637-9EBD-4112-A317-39E66D71052E}.Ad-Hoc|iPhoneSimulator.ActiveCfg = Release|Any CPU
		{03331637-9EBD-4112-A317-39E66D71052E}.Ad-Hoc|iPhoneSimulator.Build.0 = Release|Any CPU
		{03331637-9EBD-4112-A317-39E66D71052E}.Ad-Hoc|x64.ActiveCfg = Release|Any CPU
		{03331637-9EBD-4112-A317-39E66D71052E}.Ad-Hoc|x64.Build.0 = Release|Any CPU
		{03331637-9EBD-4112-A317-39E66D71052E}.Ad-Hoc|x86.ActiveCfg = Release|Any CPU
		{03331637-9EBD-4112-A317-39E66D71052E}.Ad-Hoc|x86.Build.0 = Release|Any CPU
		{03331637-9EBD-4112-A317-39E66D71052E}.AppStore|Any CPU.ActiveCfg = Release|Any CPU
		{03331637-9EBD-4112-A317-39E66D71052E}.AppStore|Any CPU.Build.0 = Release|Any CPU
		{03331637-9EBD-4112-A317-39E66D71052E}.AppStore|ARM.ActiveCfg = Release|Any CPU
		{03331637-9EBD-4112-A317-39E66D71052E}.AppStore|ARM.Build.0 = Release|Any CPU
		{03331637-9EBD-4112-A317-39E66D71052E}.AppStore|iPhone.ActiveCfg = Release|Any CPU
		{03331637-9EBD-4112-A317-39E66D71052E}.AppStore|iPhone.Build.0 = Release|Any CPU
		{03331637-9EBD-4112-A317-39E66D71052E}.AppStore|iPhoneSimulator.ActiveCfg = Release|Any CPU
		{03331637-9EBD-4112-A317-39E66D71052E}.AppStore|iPhoneSimulator.Build.0 = Release|Any CPU
		{03331637-9EBD-4112-A317-39E66D71052E}.AppStore|x64.ActiveCfg = Release|Any CPU
		{03331637-9EBD-4112-A317-39E66D71052E}.AppStore|x64.Build.0 = Release|Any CPU
		{03331637-9EBD-4112-A317-39E66D71052E}.AppStore|x86.ActiveCfg = Release|Any CPU
		{03331637-9EBD-4112-A317-39E66D71052E}.AppStore|x86.Build.0 = Release|Any CPU
		{03331637-9EBD-4112-A317-39E66D71052E}.Debug|Any CPU.ActiveCfg = Debug|Any CPU
		{03331637-9EBD-4112-A317-39E66D71052E}.Debug|Any CPU.Build.0 = Debug|Any CPU
		{03331637-9EBD-4112-A317-39E66D71052E}.Debug|ARM.ActiveCfg = Debug|Any CPU
		{03331637-9EBD-4112-A317-39E66D71052E}.Debug|ARM.Build.0 = Debug|Any CPU
		{03331637-9EBD-4112-A317-39E66D71052E}.Debug|iPhone.ActiveCfg = Debug|Any CPU
		{03331637-9EBD-4112-A317-39E66D71052E}.Debug|iPhone.Build.0 = Debug|Any CPU
		{03331637-9EBD-4112-A317-39E66D71052E}.Debug|iPhoneSimulator.ActiveCfg = Debug|Any CPU
		{03331637-9EBD-4112-A317-39E66D71052E}.Debug|iPhoneSimulator.Build.0 = Debug|Any CPU
		{03331637-9EBD-4112-A317-39E66D71052E}.Debug|x64.ActiveCfg = Debug|Any CPU
		{03331637-9EBD-4112-A317-39E66D71052E}.Debug|x64.Build.0 = Debug|Any CPU
		{03331637-9EBD-4112-A317-39E66D71052E}.Debug|x86.ActiveCfg = Debug|Any CPU
		{03331637-9EBD-4112-A317-39E66D71052E}.Debug|x86.Build.0 = Debug|Any CPU
		{03331637-9EBD-4112-A317-39E66D71052E}.Release|Any CPU.ActiveCfg = Release|Any CPU
		{03331637-9EBD-4112-A317-39E66D71052E}.Release|Any CPU.Build.0 = Release|Any CPU
		{03331637-9EBD-4112-A317-39E66D71052E}.Release|ARM.ActiveCfg = Release|Any CPU
		{03331637-9EBD-4112-A317-39E66D71052E}.Release|ARM.Build.0 = Release|Any CPU
		{03331637-9EBD-4112-A317-39E66D71052E}.Release|iPhone.ActiveCfg = Release|Any CPU
		{03331637-9EBD-4112-A317-39E66D71052E}.Release|iPhone.Build.0 = Release|Any CPU
		{03331637-9EBD-4112-A317-39E66D71052E}.Release|iPhoneSimulator.ActiveCfg = Release|Any CPU
		{03331637-9EBD-4112-A317-39E66D71052E}.Release|iPhoneSimulator.Build.0 = Release|Any CPU
		{03331637-9EBD-4112-A317-39E66D71052E}.Release|x64.ActiveCfg = Release|Any CPU
		{03331637-9EBD-4112-A317-39E66D71052E}.Release|x64.Build.0 = Release|Any CPU
		{03331637-9EBD-4112-A317-39E66D71052E}.Release|x86.ActiveCfg = Release|Any CPU
		{03331637-9EBD-4112-A317-39E66D71052E}.Release|x86.Build.0 = Release|Any CPU
		{45C15208-4889-49B9-B6FF-FECAFC0CD99A}.Ad-Hoc|Any CPU.ActiveCfg = Release|Any CPU
		{45C15208-4889-49B9-B6FF-FECAFC0CD99A}.Ad-Hoc|Any CPU.Build.0 = Release|Any CPU
		{45C15208-4889-49B9-B6FF-FECAFC0CD99A}.Ad-Hoc|Any CPU.Deploy.0 = Release|Any CPU
		{45C15208-4889-49B9-B6FF-FECAFC0CD99A}.Ad-Hoc|ARM.ActiveCfg = Release|Any CPU
		{45C15208-4889-49B9-B6FF-FECAFC0CD99A}.Ad-Hoc|ARM.Build.0 = Release|Any CPU
		{45C15208-4889-49B9-B6FF-FECAFC0CD99A}.Ad-Hoc|ARM.Deploy.0 = Release|Any CPU
		{45C15208-4889-49B9-B6FF-FECAFC0CD99A}.Ad-Hoc|iPhone.ActiveCfg = Release|Any CPU
		{45C15208-4889-49B9-B6FF-FECAFC0CD99A}.Ad-Hoc|iPhone.Build.0 = Release|Any CPU
		{45C15208-4889-49B9-B6FF-FECAFC0CD99A}.Ad-Hoc|iPhone.Deploy.0 = Release|Any CPU
		{45C15208-4889-49B9-B6FF-FECAFC0CD99A}.Ad-Hoc|iPhoneSimulator.ActiveCfg = Release|Any CPU
		{45C15208-4889-49B9-B6FF-FECAFC0CD99A}.Ad-Hoc|iPhoneSimulator.Build.0 = Release|Any CPU
		{45C15208-4889-49B9-B6FF-FECAFC0CD99A}.Ad-Hoc|iPhoneSimulator.Deploy.0 = Release|Any CPU
		{45C15208-4889-49B9-B6FF-FECAFC0CD99A}.Ad-Hoc|x64.ActiveCfg = Release|Any CPU
		{45C15208-4889-49B9-B6FF-FECAFC0CD99A}.Ad-Hoc|x64.Build.0 = Release|Any CPU
		{45C15208-4889-49B9-B6FF-FECAFC0CD99A}.Ad-Hoc|x64.Deploy.0 = Release|Any CPU
		{45C15208-4889-49B9-B6FF-FECAFC0CD99A}.Ad-Hoc|x86.ActiveCfg = Release|Any CPU
		{45C15208-4889-49B9-B6FF-FECAFC0CD99A}.Ad-Hoc|x86.Build.0 = Release|Any CPU
		{45C15208-4889-49B9-B6FF-FECAFC0CD99A}.Ad-Hoc|x86.Deploy.0 = Release|Any CPU
		{45C15208-4889-49B9-B6FF-FECAFC0CD99A}.AppStore|Any CPU.ActiveCfg = Release|Any CPU
		{45C15208-4889-49B9-B6FF-FECAFC0CD99A}.AppStore|Any CPU.Build.0 = Release|Any CPU
		{45C15208-4889-49B9-B6FF-FECAFC0CD99A}.AppStore|Any CPU.Deploy.0 = Release|Any CPU
		{45C15208-4889-49B9-B6FF-FECAFC0CD99A}.AppStore|ARM.ActiveCfg = Release|Any CPU
		{45C15208-4889-49B9-B6FF-FECAFC0CD99A}.AppStore|ARM.Build.0 = Release|Any CPU
		{45C15208-4889-49B9-B6FF-FECAFC0CD99A}.AppStore|ARM.Deploy.0 = Release|Any CPU
		{45C15208-4889-49B9-B6FF-FECAFC0CD99A}.AppStore|iPhone.ActiveCfg = Release|Any CPU
		{45C15208-4889-49B9-B6FF-FECAFC0CD99A}.AppStore|iPhone.Build.0 = Release|Any CPU
		{45C15208-4889-49B9-B6FF-FECAFC0CD99A}.AppStore|iPhone.Deploy.0 = Release|Any CPU
		{45C15208-4889-49B9-B6FF-FECAFC0CD99A}.AppStore|iPhoneSimulator.ActiveCfg = Release|Any CPU
		{45C15208-4889-49B9-B6FF-FECAFC0CD99A}.AppStore|iPhoneSimulator.Build.0 = Release|Any CPU
		{45C15208-4889-49B9-B6FF-FECAFC0CD99A}.AppStore|iPhoneSimulator.Deploy.0 = Release|Any CPU
		{45C15208-4889-49B9-B6FF-FECAFC0CD99A}.AppStore|x64.ActiveCfg = Release|Any CPU
		{45C15208-4889-49B9-B6FF-FECAFC0CD99A}.AppStore|x64.Build.0 = Release|Any CPU
		{45C15208-4889-49B9-B6FF-FECAFC0CD99A}.AppStore|x64.Deploy.0 = Release|Any CPU
		{45C15208-4889-49B9-B6FF-FECAFC0CD99A}.AppStore|x86.ActiveCfg = Release|Any CPU
		{45C15208-4889-49B9-B6FF-FECAFC0CD99A}.AppStore|x86.Build.0 = Release|Any CPU
		{45C15208-4889-49B9-B6FF-FECAFC0CD99A}.AppStore|x86.Deploy.0 = Release|Any CPU
		{45C15208-4889-49B9-B6FF-FECAFC0CD99A}.Debug|Any CPU.ActiveCfg = Debug|Any CPU
		{45C15208-4889-49B9-B6FF-FECAFC0CD99A}.Debug|Any CPU.Build.0 = Debug|Any CPU
		{45C15208-4889-49B9-B6FF-FECAFC0CD99A}.Debug|Any CPU.Deploy.0 = Debug|Any CPU
		{45C15208-4889-49B9-B6FF-FECAFC0CD99A}.Debug|ARM.ActiveCfg = Debug|Any CPU
		{45C15208-4889-49B9-B6FF-FECAFC0CD99A}.Debug|ARM.Build.0 = Debug|Any CPU
		{45C15208-4889-49B9-B6FF-FECAFC0CD99A}.Debug|ARM.Deploy.0 = Debug|Any CPU
		{45C15208-4889-49B9-B6FF-FECAFC0CD99A}.Debug|iPhone.ActiveCfg = Debug|Any CPU
		{45C15208-4889-49B9-B6FF-FECAFC0CD99A}.Debug|iPhone.Build.0 = Debug|Any CPU
		{45C15208-4889-49B9-B6FF-FECAFC0CD99A}.Debug|iPhone.Deploy.0 = Debug|Any CPU
		{45C15208-4889-49B9-B6FF-FECAFC0CD99A}.Debug|iPhoneSimulator.ActiveCfg = Debug|Any CPU
		{45C15208-4889-49B9-B6FF-FECAFC0CD99A}.Debug|iPhoneSimulator.Build.0 = Debug|Any CPU
		{45C15208-4889-49B9-B6FF-FECAFC0CD99A}.Debug|iPhoneSimulator.Deploy.0 = Debug|Any CPU
		{45C15208-4889-49B9-B6FF-FECAFC0CD99A}.Debug|x64.ActiveCfg = Debug|Any CPU
		{45C15208-4889-49B9-B6FF-FECAFC0CD99A}.Debug|x64.Build.0 = Debug|Any CPU
		{45C15208-4889-49B9-B6FF-FECAFC0CD99A}.Debug|x64.Deploy.0 = Debug|Any CPU
		{45C15208-4889-49B9-B6FF-FECAFC0CD99A}.Debug|x86.ActiveCfg = Debug|Any CPU
		{45C15208-4889-49B9-B6FF-FECAFC0CD99A}.Debug|x86.Build.0 = Debug|Any CPU
		{45C15208-4889-49B9-B6FF-FECAFC0CD99A}.Debug|x86.Deploy.0 = Debug|Any CPU
		{45C15208-4889-49B9-B6FF-FECAFC0CD99A}.Release|Any CPU.ActiveCfg = Release|Any CPU
		{45C15208-4889-49B9-B6FF-FECAFC0CD99A}.Release|Any CPU.Build.0 = Release|Any CPU
		{45C15208-4889-49B9-B6FF-FECAFC0CD99A}.Release|Any CPU.Deploy.0 = Release|Any CPU
		{45C15208-4889-49B9-B6FF-FECAFC0CD99A}.Release|ARM.ActiveCfg = Release|Any CPU
		{45C15208-4889-49B9-B6FF-FECAFC0CD99A}.Release|ARM.Build.0 = Release|Any CPU
		{45C15208-4889-49B9-B6FF-FECAFC0CD99A}.Release|ARM.Deploy.0 = Release|Any CPU
		{45C15208-4889-49B9-B6FF-FECAFC0CD99A}.Release|iPhone.ActiveCfg = Release|Any CPU
		{45C15208-4889-49B9-B6FF-FECAFC0CD99A}.Release|iPhone.Build.0 = Release|Any CPU
		{45C15208-4889-49B9-B6FF-FECAFC0CD99A}.Release|iPhone.Deploy.0 = Release|Any CPU
		{45C15208-4889-49B9-B6FF-FECAFC0CD99A}.Release|iPhoneSimulator.ActiveCfg = Release|Any CPU
		{45C15208-4889-49B9-B6FF-FECAFC0CD99A}.Release|iPhoneSimulator.Build.0 = Release|Any CPU
		{45C15208-4889-49B9-B6FF-FECAFC0CD99A}.Release|iPhoneSimulator.Deploy.0 = Release|Any CPU
		{45C15208-4889-49B9-B6FF-FECAFC0CD99A}.Release|x64.ActiveCfg = Release|Any CPU
		{45C15208-4889-49B9-B6FF-FECAFC0CD99A}.Release|x64.Build.0 = Release|Any CPU
		{45C15208-4889-49B9-B6FF-FECAFC0CD99A}.Release|x64.Deploy.0 = Release|Any CPU
		{45C15208-4889-49B9-B6FF-FECAFC0CD99A}.Release|x86.ActiveCfg = Release|Any CPU
		{45C15208-4889-49B9-B6FF-FECAFC0CD99A}.Release|x86.Build.0 = Release|Any CPU
		{45C15208-4889-49B9-B6FF-FECAFC0CD99A}.Release|x86.Deploy.0 = Release|Any CPU
		{9EAC08F8-F295-42D1-8785-0242AA4DF9EC}.Ad-Hoc|Any CPU.ActiveCfg = Release|Any CPU
		{9EAC08F8-F295-42D1-8785-0242AA4DF9EC}.Ad-Hoc|Any CPU.Build.0 = Release|Any CPU
		{9EAC08F8-F295-42D1-8785-0242AA4DF9EC}.Ad-Hoc|ARM.ActiveCfg = Release|ARM
		{9EAC08F8-F295-42D1-8785-0242AA4DF9EC}.Ad-Hoc|ARM.Build.0 = Release|ARM
		{9EAC08F8-F295-42D1-8785-0242AA4DF9EC}.Ad-Hoc|iPhone.ActiveCfg = Release|Any CPU
		{9EAC08F8-F295-42D1-8785-0242AA4DF9EC}.Ad-Hoc|iPhone.Build.0 = Release|Any CPU
		{9EAC08F8-F295-42D1-8785-0242AA4DF9EC}.Ad-Hoc|iPhoneSimulator.ActiveCfg = Release|Any CPU
		{9EAC08F8-F295-42D1-8785-0242AA4DF9EC}.Ad-Hoc|iPhoneSimulator.Build.0 = Release|Any CPU
		{9EAC08F8-F295-42D1-8785-0242AA4DF9EC}.Ad-Hoc|x64.ActiveCfg = Release|Any CPU
		{9EAC08F8-F295-42D1-8785-0242AA4DF9EC}.Ad-Hoc|x64.Build.0 = Release|Any CPU
		{9EAC08F8-F295-42D1-8785-0242AA4DF9EC}.Ad-Hoc|x86.ActiveCfg = Release|x86
		{9EAC08F8-F295-42D1-8785-0242AA4DF9EC}.Ad-Hoc|x86.Build.0 = Release|x86
		{9EAC08F8-F295-42D1-8785-0242AA4DF9EC}.AppStore|Any CPU.ActiveCfg = Release|Any CPU
		{9EAC08F8-F295-42D1-8785-0242AA4DF9EC}.AppStore|Any CPU.Build.0 = Release|Any CPU
		{9EAC08F8-F295-42D1-8785-0242AA4DF9EC}.AppStore|ARM.ActiveCfg = Release|ARM
		{9EAC08F8-F295-42D1-8785-0242AA4DF9EC}.AppStore|ARM.Build.0 = Release|ARM
		{9EAC08F8-F295-42D1-8785-0242AA4DF9EC}.AppStore|iPhone.ActiveCfg = Release|Any CPU
		{9EAC08F8-F295-42D1-8785-0242AA4DF9EC}.AppStore|iPhone.Build.0 = Release|Any CPU
		{9EAC08F8-F295-42D1-8785-0242AA4DF9EC}.AppStore|iPhoneSimulator.ActiveCfg = Release|Any CPU
		{9EAC08F8-F295-42D1-8785-0242AA4DF9EC}.AppStore|iPhoneSimulator.Build.0 = Release|Any CPU
		{9EAC08F8-F295-42D1-8785-0242AA4DF9EC}.AppStore|x64.ActiveCfg = Release|Any CPU
		{9EAC08F8-F295-42D1-8785-0242AA4DF9EC}.AppStore|x64.Build.0 = Release|Any CPU
		{9EAC08F8-F295-42D1-8785-0242AA4DF9EC}.AppStore|x86.ActiveCfg = Release|x86
		{9EAC08F8-F295-42D1-8785-0242AA4DF9EC}.AppStore|x86.Build.0 = Release|x86
		{9EAC08F8-F295-42D1-8785-0242AA4DF9EC}.Debug|Any CPU.ActiveCfg = Debug|Any CPU
		{9EAC08F8-F295-42D1-8785-0242AA4DF9EC}.Debug|Any CPU.Build.0 = Debug|Any CPU
		{9EAC08F8-F295-42D1-8785-0242AA4DF9EC}.Debug|ARM.ActiveCfg = Debug|ARM
		{9EAC08F8-F295-42D1-8785-0242AA4DF9EC}.Debug|ARM.Build.0 = Debug|ARM
		{9EAC08F8-F295-42D1-8785-0242AA4DF9EC}.Debug|iPhone.ActiveCfg = Debug|Any CPU
		{9EAC08F8-F295-42D1-8785-0242AA4DF9EC}.Debug|iPhone.Build.0 = Debug|Any CPU
		{9EAC08F8-F295-42D1-8785-0242AA4DF9EC}.Debug|iPhoneSimulator.ActiveCfg = Debug|Any CPU
		{9EAC08F8-F295-42D1-8785-0242AA4DF9EC}.Debug|iPhoneSimulator.Build.0 = Debug|Any CPU
		{9EAC08F8-F295-42D1-8785-0242AA4DF9EC}.Debug|x64.ActiveCfg = Debug|Any CPU
		{9EAC08F8-F295-42D1-8785-0242AA4DF9EC}.Debug|x64.Build.0 = Debug|Any CPU
		{9EAC08F8-F295-42D1-8785-0242AA4DF9EC}.Debug|x86.ActiveCfg = Debug|x86
		{9EAC08F8-F295-42D1-8785-0242AA4DF9EC}.Debug|x86.Build.0 = Debug|x86
		{9EAC08F8-F295-42D1-8785-0242AA4DF9EC}.Release|Any CPU.ActiveCfg = Release|Any CPU
		{9EAC08F8-F295-42D1-8785-0242AA4DF9EC}.Release|Any CPU.Build.0 = Release|Any CPU
		{9EAC08F8-F295-42D1-8785-0242AA4DF9EC}.Release|ARM.ActiveCfg = Release|ARM
		{9EAC08F8-F295-42D1-8785-0242AA4DF9EC}.Release|ARM.Build.0 = Release|ARM
		{9EAC08F8-F295-42D1-8785-0242AA4DF9EC}.Release|iPhone.ActiveCfg = Release|Any CPU
		{9EAC08F8-F295-42D1-8785-0242AA4DF9EC}.Release|iPhone.Build.0 = Release|Any CPU
		{9EAC08F8-F295-42D1-8785-0242AA4DF9EC}.Release|iPhoneSimulator.ActiveCfg = Release|Any CPU
		{9EAC08F8-F295-42D1-8785-0242AA4DF9EC}.Release|iPhoneSimulator.Build.0 = Release|Any CPU
		{9EAC08F8-F295-42D1-8785-0242AA4DF9EC}.Release|x64.ActiveCfg = Release|Any CPU
		{9EAC08F8-F295-42D1-8785-0242AA4DF9EC}.Release|x64.Build.0 = Release|Any CPU
		{9EAC08F8-F295-42D1-8785-0242AA4DF9EC}.Release|x86.ActiveCfg = Release|x86
		{9EAC08F8-F295-42D1-8785-0242AA4DF9EC}.Release|x86.Build.0 = Release|x86
		{B16BED36-A9DF-4647-8D7D-AF7FAE3AF6AC}.Ad-Hoc|Any CPU.ActiveCfg = Release|Any CPU
		{B16BED36-A9DF-4647-8D7D-AF7FAE3AF6AC}.Ad-Hoc|Any CPU.Build.0 = Release|Any CPU
		{B16BED36-A9DF-4647-8D7D-AF7FAE3AF6AC}.Ad-Hoc|Any CPU.Deploy.0 = Release|Any CPU
		{B16BED36-A9DF-4647-8D7D-AF7FAE3AF6AC}.Ad-Hoc|ARM.ActiveCfg = Release|ARM
		{B16BED36-A9DF-4647-8D7D-AF7FAE3AF6AC}.Ad-Hoc|ARM.Build.0 = Release|ARM
		{B16BED36-A9DF-4647-8D7D-AF7FAE3AF6AC}.Ad-Hoc|ARM.Deploy.0 = Release|ARM
		{B16BED36-A9DF-4647-8D7D-AF7FAE3AF6AC}.Ad-Hoc|iPhone.ActiveCfg = Release|Any CPU
		{B16BED36-A9DF-4647-8D7D-AF7FAE3AF6AC}.Ad-Hoc|iPhone.Build.0 = Release|Any CPU
		{B16BED36-A9DF-4647-8D7D-AF7FAE3AF6AC}.Ad-Hoc|iPhone.Deploy.0 = Release|Any CPU
		{B16BED36-A9DF-4647-8D7D-AF7FAE3AF6AC}.Ad-Hoc|iPhoneSimulator.ActiveCfg = Release|Any CPU
		{B16BED36-A9DF-4647-8D7D-AF7FAE3AF6AC}.Ad-Hoc|iPhoneSimulator.Build.0 = Release|Any CPU
		{B16BED36-A9DF-4647-8D7D-AF7FAE3AF6AC}.Ad-Hoc|iPhoneSimulator.Deploy.0 = Release|Any CPU
		{B16BED36-A9DF-4647-8D7D-AF7FAE3AF6AC}.Ad-Hoc|x64.ActiveCfg = Release|Any CPU
		{B16BED36-A9DF-4647-8D7D-AF7FAE3AF6AC}.Ad-Hoc|x64.Build.0 = Release|Any CPU
		{B16BED36-A9DF-4647-8D7D-AF7FAE3AF6AC}.Ad-Hoc|x64.Deploy.0 = Release|Any CPU
		{B16BED36-A9DF-4647-8D7D-AF7FAE3AF6AC}.Ad-Hoc|x86.ActiveCfg = Release|x86
		{B16BED36-A9DF-4647-8D7D-AF7FAE3AF6AC}.Ad-Hoc|x86.Build.0 = Release|x86
		{B16BED36-A9DF-4647-8D7D-AF7FAE3AF6AC}.Ad-Hoc|x86.Deploy.0 = Release|x86
		{B16BED36-A9DF-4647-8D7D-AF7FAE3AF6AC}.AppStore|Any CPU.ActiveCfg = Release|Any CPU
		{B16BED36-A9DF-4647-8D7D-AF7FAE3AF6AC}.AppStore|Any CPU.Build.0 = Release|Any CPU
		{B16BED36-A9DF-4647-8D7D-AF7FAE3AF6AC}.AppStore|Any CPU.Deploy.0 = Release|Any CPU
		{B16BED36-A9DF-4647-8D7D-AF7FAE3AF6AC}.AppStore|ARM.ActiveCfg = Release|ARM
		{B16BED36-A9DF-4647-8D7D-AF7FAE3AF6AC}.AppStore|ARM.Build.0 = Release|ARM
		{B16BED36-A9DF-4647-8D7D-AF7FAE3AF6AC}.AppStore|ARM.Deploy.0 = Release|ARM
		{B16BED36-A9DF-4647-8D7D-AF7FAE3AF6AC}.AppStore|iPhone.ActiveCfg = Release|Any CPU
		{B16BED36-A9DF-4647-8D7D-AF7FAE3AF6AC}.AppStore|iPhone.Build.0 = Release|Any CPU
		{B16BED36-A9DF-4647-8D7D-AF7FAE3AF6AC}.AppStore|iPhone.Deploy.0 = Release|Any CPU
		{B16BED36-A9DF-4647-8D7D-AF7FAE3AF6AC}.AppStore|iPhoneSimulator.ActiveCfg = Release|Any CPU
		{B16BED36-A9DF-4647-8D7D-AF7FAE3AF6AC}.AppStore|iPhoneSimulator.Build.0 = Release|Any CPU
		{B16BED36-A9DF-4647-8D7D-AF7FAE3AF6AC}.AppStore|iPhoneSimulator.Deploy.0 = Release|Any CPU
		{B16BED36-A9DF-4647-8D7D-AF7FAE3AF6AC}.AppStore|x64.ActiveCfg = Release|Any CPU
		{B16BED36-A9DF-4647-8D7D-AF7FAE3AF6AC}.AppStore|x64.Build.0 = Release|Any CPU
		{B16BED36-A9DF-4647-8D7D-AF7FAE3AF6AC}.AppStore|x64.Deploy.0 = Release|Any CPU
		{B16BED36-A9DF-4647-8D7D-AF7FAE3AF6AC}.AppStore|x86.ActiveCfg = Release|x86
		{B16BED36-A9DF-4647-8D7D-AF7FAE3AF6AC}.AppStore|x86.Build.0 = Release|x86
		{B16BED36-A9DF-4647-8D7D-AF7FAE3AF6AC}.AppStore|x86.Deploy.0 = Release|x86
		{B16BED36-A9DF-4647-8D7D-AF7FAE3AF6AC}.Debug|Any CPU.ActiveCfg = Debug|Any CPU
		{B16BED36-A9DF-4647-8D7D-AF7FAE3AF6AC}.Debug|Any CPU.Build.0 = Debug|Any CPU
		{B16BED36-A9DF-4647-8D7D-AF7FAE3AF6AC}.Debug|Any CPU.Deploy.0 = Debug|Any CPU
		{B16BED36-A9DF-4647-8D7D-AF7FAE3AF6AC}.Debug|ARM.ActiveCfg = Debug|ARM
		{B16BED36-A9DF-4647-8D7D-AF7FAE3AF6AC}.Debug|ARM.Build.0 = Debug|ARM
		{B16BED36-A9DF-4647-8D7D-AF7FAE3AF6AC}.Debug|ARM.Deploy.0 = Debug|ARM
		{B16BED36-A9DF-4647-8D7D-AF7FAE3AF6AC}.Debug|iPhone.ActiveCfg = Debug|Any CPU
		{B16BED36-A9DF-4647-8D7D-AF7FAE3AF6AC}.Debug|iPhone.Build.0 = Debug|Any CPU
		{B16BED36-A9DF-4647-8D7D-AF7FAE3AF6AC}.Debug|iPhone.Deploy.0 = Debug|Any CPU
		{B16BED36-A9DF-4647-8D7D-AF7FAE3AF6AC}.Debug|iPhoneSimulator.ActiveCfg = Debug|Any CPU
		{B16BED36-A9DF-4647-8D7D-AF7FAE3AF6AC}.Debug|iPhoneSimulator.Build.0 = Debug|Any CPU
		{B16BED36-A9DF-4647-8D7D-AF7FAE3AF6AC}.Debug|iPhoneSimulator.Deploy.0 = Debug|Any CPU
		{B16BED36-A9DF-4647-8D7D-AF7FAE3AF6AC}.Debug|x64.ActiveCfg = Debug|Any CPU
		{B16BED36-A9DF-4647-8D7D-AF7FAE3AF6AC}.Debug|x64.Build.0 = Debug|Any CPU
		{B16BED36-A9DF-4647-8D7D-AF7FAE3AF6AC}.Debug|x64.Deploy.0 = Debug|Any CPU
		{B16BED36-A9DF-4647-8D7D-AF7FAE3AF6AC}.Debug|x86.ActiveCfg = Debug|x86
		{B16BED36-A9DF-4647-8D7D-AF7FAE3AF6AC}.Debug|x86.Build.0 = Debug|x86
		{B16BED36-A9DF-4647-8D7D-AF7FAE3AF6AC}.Debug|x86.Deploy.0 = Debug|x86
		{B16BED36-A9DF-4647-8D7D-AF7FAE3AF6AC}.Release|Any CPU.ActiveCfg = Release|Any CPU
		{B16BED36-A9DF-4647-8D7D-AF7FAE3AF6AC}.Release|Any CPU.Build.0 = Release|Any CPU
		{B16BED36-A9DF-4647-8D7D-AF7FAE3AF6AC}.Release|Any CPU.Deploy.0 = Release|Any CPU
		{B16BED36-A9DF-4647-8D7D-AF7FAE3AF6AC}.Release|ARM.ActiveCfg = Release|ARM
		{B16BED36-A9DF-4647-8D7D-AF7FAE3AF6AC}.Release|ARM.Build.0 = Release|ARM
		{B16BED36-A9DF-4647-8D7D-AF7FAE3AF6AC}.Release|ARM.Deploy.0 = Release|ARM
		{B16BED36-A9DF-4647-8D7D-AF7FAE3AF6AC}.Release|iPhone.ActiveCfg = Release|Any CPU
		{B16BED36-A9DF-4647-8D7D-AF7FAE3AF6AC}.Release|iPhone.Build.0 = Release|Any CPU
		{B16BED36-A9DF-4647-8D7D-AF7FAE3AF6AC}.Release|iPhone.Deploy.0 = Release|Any CPU
		{B16BED36-A9DF-4647-8D7D-AF7FAE3AF6AC}.Release|iPhoneSimulator.ActiveCfg = Release|Any CPU
		{B16BED36-A9DF-4647-8D7D-AF7FAE3AF6AC}.Release|iPhoneSimulator.Build.0 = Release|Any CPU
		{B16BED36-A9DF-4647-8D7D-AF7FAE3AF6AC}.Release|iPhoneSimulator.Deploy.0 = Release|Any CPU
		{B16BED36-A9DF-4647-8D7D-AF7FAE3AF6AC}.Release|x64.ActiveCfg = Release|Any CPU
		{B16BED36-A9DF-4647-8D7D-AF7FAE3AF6AC}.Release|x64.Build.0 = Release|Any CPU
		{B16BED36-A9DF-4647-8D7D-AF7FAE3AF6AC}.Release|x64.Deploy.0 = Release|Any CPU
		{B16BED36-A9DF-4647-8D7D-AF7FAE3AF6AC}.Release|x86.ActiveCfg = Release|x86
		{B16BED36-A9DF-4647-8D7D-AF7FAE3AF6AC}.Release|x86.Build.0 = Release|x86
		{B16BED36-A9DF-4647-8D7D-AF7FAE3AF6AC}.Release|x86.Deploy.0 = Release|x86
	EndGlobalSection
	GlobalSection(SolutionProperties) = preSolution
		HideSolutionNode = FALSE
	EndGlobalSection
	GlobalSection(NestedProjects) = preSolution
		{F7B45224-C232-4BA5-89F2-9F7819EE80C1} = {9FCDA672-551A-405F-8E15-CC4731B7A33F}
		{45C15208-4889-49B9-B6FF-FECAFC0CD99A} = {9FCDA672-551A-405F-8E15-CC4731B7A33F}
		{B16BED36-A9DF-4647-8D7D-AF7FAE3AF6AC} = {9FCDA672-551A-405F-8E15-CC4731B7A33F}
	EndGlobalSection
EndGlobal
